
Microsoft Visual Studio Solution File, Format Version 12.00
# Visual Studio 15
VisualStudioVersion = 15.0.27703.2026
MinimumVisualStudioVersion = 10.0.40219.1
Project("{FAE04EC0-301F-11D3-BF4B-00C04F79EFBC}") = "POCAPP", "POCAPP\POCAPP.csproj", "{1A3EB5B9-432B-4592-B52B-6B31D99EBEE3}"
EndProject
Global
	GlobalSection(SolutionConfigurationPlatforms) = preSolution
		Debug|Any CPU = Debug|Any CPU
		Release|Any CPU = Release|Any CPU
	EndGlobalSection
	GlobalSection(ProjectConfigurationPlatforms) = postSolution
		{1A3EB5B9-432B-4592-B52B-6B31D99EBEE3}.Debug|Any CPU.ActiveCfg = Debug|Any CPU
		{1A3EB5B9-432B-4592-B52B-6B31D99EBEE3}.Debug|Any CPU.Build.0 = Debug|Any CPU
		{1A3EB5B9-432B-4592-B52B-6B31D99EBEE3}.Release|Any CPU.ActiveCfg = Release|Any CPU
		{1A3EB5B9-432B-4592-B52B-6B31D99EBEE3}.Release|Any CPU.Build.0 = Release|Any CPU
	EndGlobalSection
	GlobalSection(SolutionProperties) = preSolution
		HideSolutionNode = FALSE
	EndGlobalSection
	GlobalSection(ExtensibilityGlobals) = postSolution
		SolutionGuid = {425BA2E2-BF8A-4A6F-A1D0-C847E9470B08}
	EndGlobalSection
EndGlobal
